// !$*UTF8*$!
{
	archiveVersion = 1;
	classes = {
	};
	objectVersion = 46;
	objects = {

/* Begin PBXBuildFile section */
		75155EB41D49E2D90056833D /* LetterTextView.swift in Sources */ = {isa = PBXBuildFile; fileRef = 75155EB31D49E2D90056833D /* LetterTextView.swift */; };
		756A676D1D4B8831001C711A /* CharacterGridView.swift in Sources */ = {isa = PBXBuildFile; fileRef = 756A676C1D4B8831001C711A /* CharacterGridView.swift */; };
		758C5B781D48DE540016E67B /* Constants.swift in Sources */ = {isa = PBXBuildFile; fileRef = 758C5B771D48DE540016E67B /* Constants.swift */; };
		758C5B7A1D48DEEB0016E67B /* Data.swift in Sources */ = {isa = PBXBuildFile; fileRef = 758C5B791D48DEEB0016E67B /* Data.swift */; };
		75E9D2A11D48D20E003A1A5A /* AppDelegate.swift in Sources */ = {isa = PBXBuildFile; fileRef = 75E9D2A01D48D20E003A1A5A /* AppDelegate.swift */; };
		75E9D2A31D48D20E003A1A5A /* GameViewController.swift in Sources */ = {isa = PBXBuildFile; fileRef = 75E9D2A21D48D20E003A1A5A /* GameViewController.swift */; };
		75E9D2A61D48D20E003A1A5A /* Main.storyboard in Resources */ = {isa = PBXBuildFile; fileRef = 75E9D2A41D48D20E003A1A5A /* Main.storyboard */; };
		75E9D2A91D48D20E003A1A5A /* routeGame.xcdatamodeld in Sources */ = {isa = PBXBuildFile; fileRef = 75E9D2A71D48D20E003A1A5A /* routeGame.xcdatamodeld */; };
		75E9D2AB1D48D20E003A1A5A /* Assets.xcassets in Resources */ = {isa = PBXBuildFile; fileRef = 75E9D2AA1D48D20E003A1A5A /* Assets.xcassets */; };
		75E9D2AE1D48D20E003A1A5A /* LaunchScreen.storyboard in Resources */ = {isa = PBXBuildFile; fileRef = 75E9D2AC1D48D20E003A1A5A /* LaunchScreen.storyboard */; };
		75E9D2B91D48D20E003A1A5A /* routeGameTests.swift in Sources */ = {isa = PBXBuildFile; fileRef = 75E9D2B81D48D20E003A1A5A /* routeGameTests.swift */; };
		75E9D2C41D48D20E003A1A5A /* routeGameUITests.swift in Sources */ = {isa = PBXBuildFile; fileRef = 75E9D2C31D48D20E003A1A5A /* routeGameUITests.swift */; };
		75E9D2D21D48D742003A1A5A /* LetterSquareView.xib in Resources */ = {isa = PBXBuildFile; fileRef = 75E9D2D11D48D742003A1A5A /* LetterSquareView.xib */; };
		75E9D2D41D48D759003A1A5A /* LetterSquareView.swift in Sources */ = {isa = PBXBuildFile; fileRef = 75E9D2D31D48D759003A1A5A /* LetterSquareView.swift */; };
/* End PBXBuildFile section */

/* Begin PBXContainerItemProxy section */
		75E9D2B51D48D20E003A1A5A /* PBXContainerItemProxy */ = {
			isa = PBXContainerItemProxy;
			containerPortal = 75E9D2951D48D20E003A1A5A /* Project object */;
			proxyType = 1;
			remoteGlobalIDString = 75E9D29C1D48D20E003A1A5A;
			remoteInfo = routeGame;
		};
		75E9D2C01D48D20E003A1A5A /* PBXContainerItemProxy */ = {
			isa = PBXContainerItemProxy;
			containerPortal = 75E9D2951D48D20E003A1A5A /* Project object */;
			proxyType = 1;
			remoteGlobalIDString = 75E9D29C1D48D20E003A1A5A;
			remoteInfo = routeGame;
		};
/* End PBXContainerItemProxy section */

/* Begin PBXFileReference section */
		75155EB31D49E2D90056833D /* LetterTextView.swift */ = {isa = PBXFileReference; fileEncoding = 4; lastKnownFileType = sourcecode.swift; path = LetterTextView.swift; sourceTree = "<group>"; };
		756A676C1D4B8831001C711A /* CharacterGridView.swift */ = {isa = PBXFileReference; fileEncoding = 4; lastKnownFileType = sourcecode.swift; path = CharacterGridView.swift; sourceTree = "<group>"; };
		758C5B771D48DE540016E67B /* Constants.swift */ = {isa = PBXFileReference; fileEncoding = 4; lastKnownFileType = sourcecode.swift; path = Constants.swift; sourceTree = "<group>"; };
		758C5B791D48DEEB0016E67B /* Data.swift */ = {isa = PBXFileReference; fileEncoding = 4; lastKnownFileType = sourcecode.swift; path = Data.swift; sourceTree = "<group>"; };
		75E9D29D1D48D20E003A1A5A /* routeGame.app */ = {isa = PBXFileReference; explicitFileType = wrapper.application; includeInIndex = 0; path = routeGame.app; sourceTree = BUILT_PRODUCTS_DIR; };
		75E9D2A01D48D20E003A1A5A /* AppDelegate.swift */ = {isa = PBXFileReference; lastKnownFileType = sourcecode.swift; path = AppDelegate.swift; sourceTree = "<group>"; };
		75E9D2A21D48D20E003A1A5A /* GameViewController.swift */ = {isa = PBXFileReference; lastKnownFileType = sourcecode.swift; path = GameViewController.swift; sourceTree = "<group>"; };
		75E9D2A51D48D20E003A1A5A /* Base */ = {isa = PBXFileReference; lastKnownFileType = file.storyboard; name = Base; path = Base.lproj/Main.storyboard; sourceTree = "<group>"; };
		75E9D2A81D48D20E003A1A5A /* routeGame.xcdatamodel */ = {isa = PBXFileReference; lastKnownFileType = wrapper.xcdatamodel; path = routeGame.xcdatamodel; sourceTree = "<group>"; };
		75E9D2AA1D48D20E003A1A5A /* Assets.xcassets */ = {isa = PBXFileReference; lastKnownFileType = folder.assetcatalog; path = Assets.xcassets; sourceTree = "<group>"; };
		75E9D2AD1D48D20E003A1A5A /* Base */ = {isa = PBXFileReference; lastKnownFileType = file.storyboard; name = Base; path = Base.lproj/LaunchScreen.storyboard; sourceTree = "<group>"; };
		75E9D2AF1D48D20E003A1A5A /* Info.plist */ = {isa = PBXFileReference; lastKnownFileType = text.plist.xml; path = Info.plist; sourceTree = "<group>"; };
		75E9D2B41D48D20E003A1A5A /* routeGameTests.xctest */ = {isa = PBXFileReference; explicitFileType = wrapper.cfbundle; includeInIndex = 0; path = routeGameTests.xctest; sourceTree = BUILT_PRODUCTS_DIR; };
		75E9D2B81D48D20E003A1A5A /* routeGameTests.swift */ = {isa = PBXFileReference; lastKnownFileType = sourcecode.swift; path = routeGameTests.swift; sourceTree = "<group>"; };
		75E9D2BA1D48D20E003A1A5A /* Info.plist */ = {isa = PBXFileReference; lastKnownFileType = text.plist.xml; path = Info.plist; sourceTree = "<group>"; };
		75E9D2BF1D48D20E003A1A5A /* routeGameUITests.xctest */ = {isa = PBXFileReference; explicitFileType = wrapper.cfbundle; includeInIndex = 0; path = routeGameUITests.xctest; sourceTree = BUILT_PRODUCTS_DIR; };
		75E9D2C31D48D20E003A1A5A /* routeGameUITests.swift */ = {isa = PBXFileReference; lastKnownFileType = sourcecode.swift; path = routeGameUITests.swift; sourceTree = "<group>"; };
		75E9D2C51D48D20E003A1A5A /* Info.plist */ = {isa = PBXFileReference; lastKnownFileType = text.plist.xml; path = Info.plist; sourceTree = "<group>"; };
		75E9D2D11D48D742003A1A5A /* LetterSquareView.xib */ = {isa = PBXFileReference; fileEncoding = 4; lastKnownFileType = file.xib; path = LetterSquareView.xib; sourceTree = "<group>"; };
		75E9D2D31D48D759003A1A5A /* LetterSquareView.swift */ = {isa = PBXFileReference; fileEncoding = 4; lastKnownFileType = sourcecode.swift; path = LetterSquareView.swift; sourceTree = "<group>"; };
/* End PBXFileReference section */

/* Begin PBXFrameworksBuildPhase section */
		75E9D29A1D48D20E003A1A5A /* Frameworks */ = {
			isa = PBXFrameworksBuildPhase;
			buildActionMask = 2147483647;
			files = (
			);
			runOnlyForDeploymentPostprocessing = 0;
		};
		75E9D2B11D48D20E003A1A5A /* Frameworks */ = {
			isa = PBXFrameworksBuildPhase;
			buildActionMask = 2147483647;
			files = (
			);
			runOnlyForDeploymentPostprocessing = 0;
		};
		75E9D2BC1D48D20E003A1A5A /* Frameworks */ = {
			isa = PBXFrameworksBuildPhase;
			buildActionMask = 2147483647;
			files = (
			);
			runOnlyForDeploymentPostprocessing = 0;
		};
/* End PBXFrameworksBuildPhase section */

/* Begin PBXGroup section */
		756A676E1D4B9227001C711A /* Model */ = {
			isa = PBXGroup;
			children = (
				758C5B791D48DEEB0016E67B /* Data.swift */,
				758C5B771D48DE540016E67B /* Constants.swift */,
			);
			name = Model;
			sourceTree = "<group>";
		};
		756A676F1D4B922B001C711A /* View */ = {
			isa = PBXGroup;
			children = (
				75E9D2D31D48D759003A1A5A /* LetterSquareView.swift */,
				75E9D2D11D48D742003A1A5A /* LetterSquareView.xib */,
				75155EB31D49E2D90056833D /* LetterTextView.swift */,
				75E9D2A41D48D20E003A1A5A /* Main.storyboard */,
				75E9D2AC1D48D20E003A1A5A /* LaunchScreen.storyboard */,
			);
			name = View;
			sourceTree = "<group>";
		};
		756A67701D4B922E001C711A /* Controller */ = {
			isa = PBXGroup;
			children = (
				75E9D2A21D48D20E003A1A5A /* GameViewController.swift */,
				756A676C1D4B8831001C711A /* CharacterGridView.swift */,
			);
			name = Controller;
			sourceTree = "<group>";
		};
		75E9D2941D48D20E003A1A5A = {
			isa = PBXGroup;
			children = (
				75E9D29F1D48D20E003A1A5A /* routeGame */,
				75E9D2B71D48D20E003A1A5A /* routeGameTests */,
				75E9D2C21D48D20E003A1A5A /* routeGameUITests */,
				75E9D29E1D48D20E003A1A5A /* Products */,
			);
			sourceTree = "<group>";
		};
		75E9D29E1D48D20E003A1A5A /* Products */ = {
			isa = PBXGroup;
			children = (
				75E9D29D1D48D20E003A1A5A /* routeGame.app */,
				75E9D2B41D48D20E003A1A5A /* routeGameTests.xctest */,
				75E9D2BF1D48D20E003A1A5A /* routeGameUITests.xctest */,
			);
			name = Products;
			sourceTree = "<group>";
		};
		75E9D29F1D48D20E003A1A5A /* routeGame */ = {
			isa = PBXGroup;
			children = (
				756A67701D4B922E001C711A /* Controller */,
				756A676F1D4B922B001C711A /* View */,
				756A676E1D4B9227001C711A /* Model */,
				75E9D2A01D48D20E003A1A5A /* AppDelegate.swift */,
				75E9D2AA1D48D20E003A1A5A /* Assets.xcassets */,
				75E9D2AF1D48D20E003A1A5A /* Info.plist */,
				75E9D2A71D48D20E003A1A5A /* routeGame.xcdatamodeld */,
			);
			path = routeGame;
			sourceTree = "<group>";
		};
		75E9D2B71D48D20E003A1A5A /* routeGameTests */ = {
			isa = PBXGroup;
			children = (
				75E9D2B81D48D20E003A1A5A /* routeGameTests.swift */,
				75E9D2BA1D48D20E003A1A5A /* Info.plist */,
			);
			path = routeGameTests;
			sourceTree = "<group>";
		};
		75E9D2C21D48D20E003A1A5A /* routeGameUITests */ = {
			isa = PBXGroup;
			children = (
				75E9D2C31D48D20E003A1A5A /* routeGameUITests.swift */,
				75E9D2C51D48D20E003A1A5A /* Info.plist */,
			);
			path = routeGameUITests;
			sourceTree = "<group>";
		};
/* End PBXGroup section */

/* Begin PBXNativeTarget section */
		75E9D29C1D48D20E003A1A5A /* routeGame */ = {
			isa = PBXNativeTarget;
			buildConfigurationList = 75E9D2C81D48D20E003A1A5A /* Build configuration list for PBXNativeTarget "routeGame" */;
			buildPhases = (
				75E9D2991D48D20E003A1A5A /* Sources */,
				75E9D29A1D48D20E003A1A5A /* Frameworks */,
				75E9D29B1D48D20E003A1A5A /* Resources */,
			);
			buildRules = (
			);
			dependencies = (
			);
			name = routeGame;
			productName = routeGame;
			productReference = 75E9D29D1D48D20E003A1A5A /* routeGame.app */;
			productType = "com.apple.product-type.application";
		};
		75E9D2B31D48D20E003A1A5A /* routeGameTests */ = {
			isa = PBXNativeTarget;
			buildConfigurationList = 75E9D2CB1D48D20E003A1A5A /* Build configuration list for PBXNativeTarget "routeGameTests" */;
			buildPhases = (
				75E9D2B01D48D20E003A1A5A /* Sources */,
				75E9D2B11D48D20E003A1A5A /* Frameworks */,
				75E9D2B21D48D20E003A1A5A /* Resources */,
			);
			buildRules = (
			);
			dependencies = (
				75E9D2B61D48D20E003A1A5A /* PBXTargetDependency */,
			);
			name = routeGameTests;
			productName = routeGameTests;
			productReference = 75E9D2B41D48D20E003A1A5A /* routeGameTests.xctest */;
			productType = "com.apple.product-type.bundle.unit-test";
		};
		75E9D2BE1D48D20E003A1A5A /* routeGameUITests */ = {
			isa = PBXNativeTarget;
			buildConfigurationList = 75E9D2CE1D48D20E003A1A5A /* Build configuration list for PBXNativeTarget "routeGameUITests" */;
			buildPhases = (
				75E9D2BB1D48D20E003A1A5A /* Sources */,
				75E9D2BC1D48D20E003A1A5A /* Frameworks */,
				75E9D2BD1D48D20E003A1A5A /* Resources */,
			);
			buildRules = (
			);
			dependencies = (
				75E9D2C11D48D20E003A1A5A /* PBXTargetDependency */,
			);
			name = routeGameUITests;
			productName = routeGameUITests;
			productReference = 75E9D2BF1D48D20E003A1A5A /* routeGameUITests.xctest */;
			productType = "com.apple.product-type.bundle.ui-testing";
		};
/* End PBXNativeTarget section */

/* Begin PBXProject section */
		75E9D2951D48D20E003A1A5A /* Project object */ = {
			isa = PBXProject;
			attributes = {
				LastSwiftUpdateCheck = 0730;
				LastUpgradeCheck = 0730;
				ORGANIZATIONNAME = "Lewis Black";
				TargetAttributes = {
					75E9D29C1D48D20E003A1A5A = {
						CreatedOnToolsVersion = 7.3.1;
					};
					75E9D2B31D48D20E003A1A5A = {
						CreatedOnToolsVersion = 7.3.1;
						TestTargetID = 75E9D29C1D48D20E003A1A5A;
					};
					75E9D2BE1D48D20E003A1A5A = {
						CreatedOnToolsVersion = 7.3.1;
						TestTargetID = 75E9D29C1D48D20E003A1A5A;
					};
				};
			};
			buildConfigurationList = 75E9D2981D48D20E003A1A5A /* Build configuration list for PBXProject "routeGame" */;
			compatibilityVersion = "Xcode 3.2";
			developmentRegion = English;
			hasScannedForEncodings = 0;
			knownRegions = (
				en,
				Base,
			);
			mainGroup = 75E9D2941D48D20E003A1A5A;
			productRefGroup = 75E9D29E1D48D20E003A1A5A /* Products */;
			projectDirPath = "";
			projectRoot = "";
			targets = (
				75E9D29C1D48D20E003A1A5A /* routeGame */,
				75E9D2B31D48D20E003A1A5A /* routeGameTests */,
				75E9D2BE1D48D20E003A1A5A /* routeGameUITests */,
			);
		};
/* End PBXProject section */

/* Begin PBXResourcesBuildPhase section */
		75E9D29B1D48D20E003A1A5A /* Resources */ = {
			isa = PBXResourcesBuildPhase;
			buildActionMask = 2147483647;
			files = (
				75E9D2AE1D48D20E003A1A5A /* LaunchScreen.storyboard in Resources */,
				75E9D2D21D48D742003A1A5A /* LetterSquareView.xib in Resources */,
				75E9D2AB1D48D20E003A1A5A /* Assets.xcassets in Resources */,
				75E9D2A61D48D20E003A1A5A /* Main.storyboard in Resources */,
			);
			runOnlyForDeploymentPostprocessing = 0;
		};
		75E9D2B21D48D20E003A1A5A /* Resources */ = {
			isa = PBXResourcesBuildPhase;
			buildActionMask = 2147483647;
			files = (
			);
			runOnlyForDeploymentPostprocessing = 0;
		};
		75E9D2BD1D48D20E003A1A5A /* Resources */ = {
			isa = PBXResourcesBuildPhase;
			buildActionMask = 2147483647;
			files = (
			);
			runOnlyForDeploymentPostprocessing = 0;
		};
/* End PBXResourcesBuildPhase section */

/* Begin PBXSourcesBuildPhase section */
		75E9D2991D48D20E003A1A5A /* Sources */ = {
			isa = PBXSourcesBuildPhase;
			buildActionMask = 2147483647;
			files = (
				756A676D1D4B8831001C711A /* CharacterGridView.swift in Sources */,
				75155EB41D49E2D90056833D /* LetterTextView.swift in Sources */,
				758C5B781D48DE540016E67B /* Constants.swift in Sources */,
				758C5B7A1D48DEEB0016E67B /* Data.swift in Sources */,
				75E9D2A31D48D20E003A1A5A /* GameViewController.swift in Sources */,
				75E9D2D41D48D759003A1A5A /* LetterSquareView.swift in Sources */,
				75E9D2A11D48D20E003A1A5A /* AppDelegate.swift in Sources */,
				75E9D2A91D48D20E003A1A5A /* routeGame.xcdatamodeld in Sources */,
			);
			runOnlyForDeploymentPostprocessing = 0;
		};
		75E9D2B01D48D20E003A1A5A /* Sources */ = {
			isa = PBXSourcesBuildPhase;
			buildActionMask = 2147483647;
			files = (
				75E9D2B91D48D20E003A1A5A /* routeGameTests.swift in Sources */,
			);
			runOnlyForDeploymentPostprocessing = 0;
		};
		75E9D2BB1D48D20E003A1A5A /* Sources */ = {
			isa = PBXSourcesBuildPhase;
			buildActionMask = 2147483647;
			files = (
				75E9D2C41D48D20E003A1A5A /* routeGameUITests.swift in Sources */,
			);
			runOnlyForDeploymentPostprocessing = 0;
		};
/* End PBXSourcesBuildPhase section */

/* Begin PBXTargetDependency section */
		75E9D2B61D48D20E003A1A5A /* PBXTargetDependency */ = {
			isa = PBXTargetDependency;
			target = 75E9D29C1D48D20E003A1A5A /* routeGame */;
			targetProxy = 75E9D2B51D48D20E003A1A5A /* PBXContainerItemProxy */;
		};
		75E9D2C11D48D20E003A1A5A /* PBXTargetDependency */ = {
			isa = PBXTargetDependency;
			target = 75E9D29C1D48D20E003A1A5A /* routeGame */;
			targetProxy = 75E9D2C01D48D20E003A1A5A /* PBXContainerItemProxy */;
		};
/* End PBXTargetDependency section */

/* Begin PBXVariantGroup section */
		75E9D2A41D48D20E003A1A5A /* Main.storyboard */ = {
			isa = PBXVariantGroup;
			children = (
				75E9D2A51D48D20E003A1A5A /* Base */,
			);
			name = Main.storyboard;
			sourceTree = "<group>";
		};
		75E9D2AC1D48D20E003A1A5A /* LaunchScreen.storyboard */ = {
			isa = PBXVariantGroup;
			children = (
				75E9D2AD1D48D20E003A1A5A /* Base */,
			);
			name = LaunchScreen.storyboard;
			sourceTree = "<group>";
		};
/* End PBXVariantGroup section */

/* Begin XCBuildConfiguration section */
		75E9D2C61D48D20E003A1A5A /* Debug */ = {
			isa = XCBuildConfiguration;
			buildSettings = {
				ALWAYS_SEARCH_USER_PATHS = NO;
				CLANG_ANALYZER_NONNULL = YES;
				CLANG_CXX_LANGUAGE_STANDARD = "gnu++0x";
				CLANG_CXX_LIBRARY = "libc++";
				CLANG_ENABLE_MODULES = YES;
				CLANG_ENABLE_OBJC_ARC = YES;
				CLANG_WARN_BOOL_CONVERSION = YES;
				CLANG_WARN_CONSTANT_CONVERSION = YES;
				CLANG_WARN_DIRECT_OBJC_ISA_USAGE = YES_ERROR;
				CLANG_WARN_EMPTY_BODY = YES;
				CLANG_WARN_ENUM_CONVERSION = YES;
				CLANG_WARN_INT_CONVERSION = YES;
				CLANG_WARN_OBJC_ROOT_CLASS = YES_ERROR;
				CLANG_WARN_UNREACHABLE_CODE = YES;
				CLANG_WARN__DUPLICATE_METHOD_MATCH = YES;
				"CODE_SIGN_IDENTITY[sdk=iphoneos*]" = "iPhone Developer";
				COPY_PHASE_STRIP = NO;
				DEBUG_INFORMATION_FORMAT = dwarf;
				ENABLE_STRICT_OBJC_MSGSEND = YES;
				ENABLE_TESTABILITY = YES;
				GCC_C_LANGUAGE_STANDARD = gnu99;
				GCC_DYNAMIC_NO_PIC = NO;
				GCC_NO_COMMON_BLOCKS = YES;
				GCC_OPTIMIZATION_LEVEL = 0;
				GCC_PREPROCESSOR_DEFINITIONS = (
					"DEBUG=1",
					"$(inherited)",
				);
				GCC_WARN_64_TO_32_BIT_CONVERSION = YES;
				GCC_WARN_ABOUT_RETURN_TYPE = YES_ERROR;
				GCC_WARN_UNDECLARED_SELECTOR = YES;
				GCC_WARN_UNINITIALIZED_AUTOS = YES_AGGRESSIVE;
				GCC_WARN_UNUSED_FUNCTION = YES;
				GCC_WARN_UNUSED_VARIABLE = YES;
				IPHONEOS_DEPLOYMENT_TARGET = 9.3;
				MTL_ENABLE_DEBUG_INFO = YES;
				ONLY_ACTIVE_ARCH = YES;
				SDKROOT = iphoneos;
				SWIFT_OPTIMIZATION_LEVEL = "-Onone";
			};
			name = Debug;
		};
		75E9D2C71D48D20E003A1A5A /* Release */ = {
			isa = XCBuildConfiguration;
			buildSettings = {
				ALWAYS_SEARCH_USER_PATHS = NO;
				CLANG_ANALYZER_NONNULL = YES;
				CLANG_CXX_LANGUAGE_STANDARD = "gnu++0x";
				CLANG_CXX_LIBRARY = "libc++";
				CLANG_ENABLE_MODULES = YES;
				CLANG_ENABLE_OBJC_ARC = YES;
				CLANG_WARN_BOOL_CONVERSION = YES;
				CLANG_WARN_CONSTANT_CONVERSION = YES;
				CLANG_WARN_DIRECT_OBJC_ISA_USAGE = YES_ERROR;
				CLANG_WARN_EMPTY_BODY = YES;
				CLANG_WARN_ENUM_CONVERSION = YES;
				CLANG_WARN_INT_CONVERSION = YES;
				CLANG_WARN_OBJC_ROOT_CLASS = YES_ERROR;
				CLANG_WARN_UNREACHABLE_CODE = YES;
				CLANG_WARN__DUPLICATE_METHOD_MATCH = YES;
				"CODE_SIGN_IDENTITY[sdk=iphoneos*]" = "iPhone Developer";
				COPY_PHASE_STRIP = NO;
				DEBUG_INFORMATION_FORMAT = "dwarf-with-dsym";
				ENABLE_NS_ASSERTIONS = NO;
				ENABLE_STRICT_OBJC_MSGSEND = YES;
				GCC_C_LANGUAGE_STANDARD = gnu99;
				GCC_NO_COMMON_BLOCKS = YES;
				GCC_WARN_64_TO_32_BIT_CONVERSION = YES;
				GCC_WARN_ABOUT_RETURN_TYPE = YES_ERROR;
				GCC_WARN_UNDECLARED_SELECTOR = YES;
				GCC_WARN_UNINITIALIZED_AUTOS = YES_AGGRESSIVE;
				GCC_WARN_UNUSED_FUNCTION = YES;
				GCC_WARN_UNUSED_VARIABLE = YES;
				IPHONEOS_DEPLOYMENT_TARGET = 9.3;
				MTL_ENABLE_DEBUG_INFO = NO;
				SDKROOT = iphoneos;
				VALIDATE_PRODUCT = YES;
			};
			name = Release;
		};
		75E9D2C91D48D20E003A1A5A /* Debug */ = {
			isa = XCBuildConfiguration;
			buildSettings = {
				ASSETCATALOG_COMPILER_APPICON_NAME = AppIcon;
				INFOPLIST_FILE = routeGame/Info.plist;
				LD_RUNPATH_SEARCH_PATHS = "$(inherited) @executable_path/Frameworks";
				PRODUCT_BUNDLE_IDENTIFIER = com.lewisblack.routeGame;
				PRODUCT_NAME = "$(TARGET_NAME)";
				TARGETED_DEVICE_FAMILY = "1,2";
			};
			name = Debug;
		};
		75E9D2CA1D48D20E003A1A5A /* Release */ = {
			isa = XCBuildConfiguration;
			buildSettings = {
				ASSETCATALOG_COMPILER_APPICON_NAME = AppIcon;
				INFOPLIST_FILE = routeGame/Info.plist;
				LD_RUNPATH_SEARCH_PATHS = "$(inherited) @executable_path/Frameworks";
				PRODUCT_BUNDLE_IDENTIFIER = com.lewisblack.routeGame;
				PRODUCT_NAME = "$(TARGET_NAME)";
				TARGETED_DEVICE_FAMILY = "1,2";
			};
			name = Release;
		};
		75E9D2CC1D48D20E003A1A5A /* Debug */ = {
			isa = XCBuildConfiguration;
			buildSettings = {
				BUNDLE_LOADER = "$(TEST_HOST)";
				INFOPLIST_FILE = routeGameTests/Info.plist;
				LD_RUNPATH_SEARCH_PATHS = "$(inherited) @executable_path/Frameworks @loader_path/Frameworks";
				PRODUCT_BUNDLE_IDENTIFIER = com.lewisblack.routeGameTests;
				PRODUCT_NAME = "$(TARGET_NAME)";
				TEST_HOST = "$(BUILT_PRODUCTS_DIR)/routeGame.app/routeGame";
			};
			name = Debug;
		};
		75E9D2CD1D48D20E003A1A5A /* Release */ = {
			isa = XCBuildConfiguration;
			buildSettings = {
				BUNDLE_LOADER = "$(TEST_HOST)";
				INFOPLIST_FILE = routeGameTests/Info.plist;
				LD_RUNPATH_SEARCH_PATHS = "$(inherited) @executable_path/Frameworks @loader_path/Frameworks";
				PRODUCT_BUNDLE_IDENTIFIER = com.lewisblack.routeGameTests;
				PRODUCT_NAME = "$(TARGET_NAME)";
				TEST_HOST = "$(BUILT_PRODUCTS_DIR)/routeGame.app/routeGame";
			};
			name = Release;
		};
		75E9D2CF1D48D20E003A1A5A /* Debug */ = {
			isa = XCBuildConfiguration;
			buildSettings = {
				INFOPLIST_FILE = routeGameUITests/Info.plist;
				LD_RUNPATH_SEARCH_PATHS = "$(inherited) @executable_path/Frameworks @loader_path/Frameworks";
				PRODUCT_BUNDLE_IDENTIFIER = com.lewisblack.routeGameUITests;
				PRODUCT_NAME = "$(TARGET_NAME)";
				TEST_TARGET_NAME = routeGame;
			};
			name = Debug;
		};
		75E9D2D01D48D20E003A1A5A /* Release */ = {
			isa = XCBuildConfiguration;
			buildSettings = {
				INFOPLIST_FILE = routeGameUITests/Info.plist;
				LD_RUNPATH_SEARCH_PATHS = "$(inherited) @executable_path/Frameworks @loader_path/Frameworks";
				PRODUCT_BUNDLE_IDENTIFIER = com.lewisblack.routeGameUITests;
				PRODUCT_NAME = "$(TARGET_NAME)";
				TEST_TARGET_NAME = routeGame;
			};
			name = Release;
		};
/* End XCBuildConfiguration section */

/* Begin XCConfigurationList section */
		75E9D2981D48D20E003A1A5A /* Build configuration list for PBXProject "routeGame" */ = {
			isa = XCConfigurationList;
			buildConfigurations = (
				75E9D2C61D48D20E003A1A5A /* Debug */,
				75E9D2C71D48D20E003A1A5A /* Release */,
			);
			defaultConfigurationIsVisible = 0;
			defaultConfigurationName = Release;
		};
		75E9D2C81D48D20E003A1A5A /* Build configuration list for PBXNativeTarget "routeGame" */ = {
			isa = XCConfigurationList;
			buildConfigurations = (
				75E9D2C91D48D20E003A1A5A /* Debug */,
				75E9D2CA1D48D20E003A1A5A /* Release */,
			);
			defaultConfigurationIsVisible = 0;
			defaultConfigurationName = Release;
		};
		75E9D2CB1D48D20E003A1A5A /* Build configuration list for PBXNativeTarget "routeGameTests" */ = {
			isa = XCConfigurationList;
			buildConfigurations = (
				75E9D2CC1D48D20E003A1A5A /* Debug */,
				75E9D2CD1D48D20E003A1A5A /* Release */,
			);
			defaultConfigurationIsVisible = 0;
			defaultConfigurationName = Release;
		};
		75E9D2CE1D48D20E003A1A5A /* Build configuration list for PBXNativeTarget "routeGameUITests" */ = {
			isa = XCConfigurationList;
			buildConfigurations = (
				75E9D2CF1D48D20E003A1A5A /* Debug */,
				75E9D2D01D48D20E003A1A5A /* Release */,
			);
			defaultConfigurationIsVisible = 0;
			defaultConfigurationName = Release;
		};
/* End XCConfigurationList section */

/* Begin XCVersionGroup section */
		75E9D2A71D48D20E003A1A5A /* routeGame.xcdatamodeld */ = {
			isa = XCVersionGroup;
			children = (
				75E9D2A81D48D20E003A1A5A /* routeGame.xcdatamodel */,
			);
			currentVersion = 75E9D2A81D48D20E003A1A5A /* routeGame.xcdatamodel */;
			path = routeGame.xcdatamodeld;
			sourceTree = "<group>";
			versionGroupType = wrapper.xcdatamodel;
		};
/* End XCVersionGroup section */
	};
	rootObject = 75E9D2951D48D20E003A1A5A /* Project object */;
}
